
Microsoft Visual Studio Solution File, Format Version 12.00
# Visual Studio 15
VisualStudioVersion = 15.0.26228.18
MinimumVisualStudioVersion = 10.0.40219.1
Project("{FAE04EC0-301F-11D3-BF4B-00C04F79EFBC}") = "EntranceApp", "EntranceApp\EntranceApp.csproj", "{FBC8ECAE-8EB6-4A82-8ABD-8CB5EEF2A089}"
EndProject
Project("{FAE04EC0-301F-11D3-BF4B-00C04F79EFBC}") = "ShopApp", "ShopApp\ShopApp.csproj", "{A841E6CF-094C-46A7-A819-18A84F3C04CC}"
EndProject
Project("{FAE04EC0-301F-11D3-BF4B-00C04F79EFBC}") = "BuyTicketApp", "BuyTicketApp\BuyTicketApp.csproj", "{F67CF4E6-76F1-413E-B0A4-B3A504108145}"
EndProject
Global
	GlobalSection(SolutionConfigurationPlatforms) = preSolution
		Debug|Any CPU = Debug|Any CPU
		Release|Any CPU = Release|Any CPU
	EndGlobalSection
	GlobalSection(ProjectConfigurationPlatforms) = postSolution
		{FBC8ECAE-8EB6-4A82-8ABD-8CB5EEF2A089}.Debug|Any CPU.ActiveCfg = Debug|Any CPU
		{FBC8ECAE-8EB6-4A82-8ABD-8CB5EEF2A089}.Debug|Any CPU.Build.0 = Debug|Any CPU
		{FBC8ECAE-8EB6-4A82-8ABD-8CB5EEF2A089}.Release|Any CPU.ActiveCfg = Release|Any CPU
		{FBC8ECAE-8EB6-4A82-8ABD-8CB5EEF2A089}.Release|Any CPU.Build.0 = Release|Any CPU
		{A841E6CF-094C-46A7-A819-18A84F3C04CC}.Debug|Any CPU.ActiveCfg = Debug|Any CPU
		{A841E6CF-094C-46A7-A819-18A84F3C04CC}.Debug|Any CPU.Build.0 = Debug|Any CPU
		{A841E6CF-094C-46A7-A819-18A84F3C04CC}.Release|Any CPU.ActiveCfg = Release|Any CPU
		{A841E6CF-094C-46A7-A819-18A84F3C04CC}.Release|Any CPU.Build.0 = Release|Any CPU
		{F67CF4E6-76F1-413E-B0A4-B3A504108145}.Debug|Any CPU.ActiveCfg = Debug|Any CPU
		{F67CF4E6-76F1-413E-B0A4-B3A504108145}.Debug|Any CPU.Build.0 = Debug|Any CPU
		{F67CF4E6-76F1-413E-B0A4-B3A504108145}.Release|Any CPU.ActiveCfg = Release|Any CPU
		{F67CF4E6-76F1-413E-B0A4-B3A504108145}.Release|Any CPU.Build.0 = Release|Any CPU
	EndGlobalSection
	GlobalSection(SolutionProperties) = preSolution
		HideSolutionNode = FALSE
	EndGlobalSection
	GlobalSection(ExtensibilityGlobals) = postSolution
		SolutionGuid = {B0BEC906-AD2D-4271-A529-2B3F4906143E}
	EndGlobalSection
EndGlobal
